
Microsoft Visual Studio Solution File, Format Version 12.00
# Visual Studio Version 16
VisualStudioVersion = 16.0.34114.132
MinimumVisualStudioVersion = 10.0.40219.1
Project("{FAE04EC0-301F-11D3-BF4B-00C04F79EFBC}") = "WcfAuthenticatorTest", "WcfAuthenticatorTest\WcfAuthenticatorTest.csproj", "{4CAE1F24-62CE-4AA0-95B4-1F98B8B57C54}"
EndProject
Project("{FAE04EC0-301F-11D3-BF4B-00C04F79EFBC}") = "ClientApplication", "ClientApplication\ClientApplication.csproj", "{4DBFCF80-6C53-4848-A1DD-60CA6738371C}"
	ProjectSection(ProjectDependencies) = postProject
		{4CAE1F24-62CE-4AA0-95B4-1F98B8B57C54} = {4CAE1F24-62CE-4AA0-95B4-1F98B8B57C54}
	EndProjectSection
EndProject
Global
	GlobalSection(SolutionConfigurationPlatforms) = preSolution
		Debug|Any CPU = Debug|Any CPU
		Release|Any CPU = Release|Any CPU
	EndGlobalSection
	GlobalSection(ProjectConfigurationPlatforms) = postSolution
		{4CAE1F24-62CE-4AA0-95B4-1F98B8B57C54}.Debug|Any CPU.ActiveCfg = Debug|Any CPU
		{4CAE1F24-62CE-4AA0-95B4-1F98B8B57C54}.Debug|Any CPU.Build.0 = Debug|Any CPU
		{4CAE1F24-62CE-4AA0-95B4-1F98B8B57C54}.Release|Any CPU.ActiveCfg = Release|Any CPU
		{4CAE1F24-62CE-4AA0-95B4-1F98B8B57C54}.Release|Any CPU.Build.0 = Release|Any CPU
		{4DBFCF80-6C53-4848-A1DD-60CA6738371C}.Debug|Any CPU.ActiveCfg = Debug|Any CPU
		{4DBFCF80-6C53-4848-A1DD-60CA6738371C}.Debug|Any CPU.Build.0 = Debug|Any CPU
		{4DBFCF80-6C53-4848-A1DD-60CA6738371C}.Release|Any CPU.ActiveCfg = Release|Any CPU
		{4DBFCF80-6C53-4848-A1DD-60CA6738371C}.Release|Any CPU.Build.0 = Release|Any CPU
	EndGlobalSection
	GlobalSection(SolutionProperties) = preSolution
		HideSolutionNode = FALSE
	EndGlobalSection
	GlobalSection(ExtensibilityGlobals) = postSolution
		SolutionGuid = {C090C57E-5DA8-4DE6-8E08-9FB1448FF4AB}
	EndGlobalSection
EndGlobal
